
Microsoft Visual Studio Solution File, Format Version 12.00
# Visual Studio Version 16
VisualStudioVersion = 16.0.31702.278
MinimumVisualStudioVersion = 10.0.40219.1
Project("{2150E333-8FDC-42A3-9474-1A3956D46DE8}") = "Services", "Services", "{A01C60EE-EEA4-4AA1-A844-C5FED2DA6A69}"
EndProject
Project("{2150E333-8FDC-42A3-9474-1A3956D46DE8}") = "Catalog", "Catalog", "{509D9C2F-4FF0-4011-BCA5-783C1F37CDE5}"
EndProject
Project("{9A19103F-16F7-4668-BE54-9A1E7A4F7556}") = "Catalog.API", "Services\Catalog\Catalog.API\Catalog.API.csproj", "{060C609E-126C-4EB7-91C1-CCA23F102279}"
EndProject
Project("{E53339B2-1760-4266-BCC7-CA923CBCF16C}") = "docker-compose", "docker-compose.dcproj", "{8FDF01FE-E8F2-4FC2-B603-23C04FD4CDA0}"
EndProject
Project("{2150E333-8FDC-42A3-9474-1A3956D46DE8}") = "Basket", "Basket", "{02923630-2A0C-425B-99FC-261B2C84EE1E}"
EndProject
Project("{9A19103F-16F7-4668-BE54-9A1E7A4F7556}") = "Basket.API", "Services\Basket\Basket.API\Basket.API.csproj", "{CC4DA0EA-F44D-4217-BC3E-D729F97C9E26}"
EndProject
Project("{2150E333-8FDC-42A3-9474-1A3956D46DE8}") = "Discount", "Discount", "{E5020C34-E8CA-4405-9811-5229D8E1029A}"
EndProject
Project("{9A19103F-16F7-4668-BE54-9A1E7A4F7556}") = "Discount.API", "Services\Discount\Discount.API\Discount.API.csproj", "{327EE77F-E9B5-448A-A064-BAC4C3F9D6F0}"
EndProject
Project("{FAE04EC0-301F-11D3-BF4B-00C04F79EFBC}") = "Discount.Grpc", "Services\Discount\Discount.Grpc\Discount.Grpc.csproj", "{95CE1AFA-FB3A-4C54-8C08-A29900D87A3F}"
EndProject
Global
	GlobalSection(SolutionConfigurationPlatforms) = preSolution
		Debug|Any CPU = Debug|Any CPU
		Release|Any CPU = Release|Any CPU
	EndGlobalSection
	GlobalSection(ProjectConfigurationPlatforms) = postSolution
		{060C609E-126C-4EB7-91C1-CCA23F102279}.Debug|Any CPU.ActiveCfg = Debug|Any CPU
		{060C609E-126C-4EB7-91C1-CCA23F102279}.Debug|Any CPU.Build.0 = Debug|Any CPU
		{060C609E-126C-4EB7-91C1-CCA23F102279}.Release|Any CPU.ActiveCfg = Release|Any CPU
		{060C609E-126C-4EB7-91C1-CCA23F102279}.Release|Any CPU.Build.0 = Release|Any CPU
		{8FDF01FE-E8F2-4FC2-B603-23C04FD4CDA0}.Debug|Any CPU.ActiveCfg = Debug|Any CPU
		{8FDF01FE-E8F2-4FC2-B603-23C04FD4CDA0}.Debug|Any CPU.Build.0 = Debug|Any CPU
		{8FDF01FE-E8F2-4FC2-B603-23C04FD4CDA0}.Release|Any CPU.ActiveCfg = Release|Any CPU
		{8FDF01FE-E8F2-4FC2-B603-23C04FD4CDA0}.Release|Any CPU.Build.0 = Release|Any CPU
		{CC4DA0EA-F44D-4217-BC3E-D729F97C9E26}.Debug|Any CPU.ActiveCfg = Debug|Any CPU
		{CC4DA0EA-F44D-4217-BC3E-D729F97C9E26}.Debug|Any CPU.Build.0 = Debug|Any CPU
		{CC4DA0EA-F44D-4217-BC3E-D729F97C9E26}.Release|Any CPU.ActiveCfg = Release|Any CPU
		{CC4DA0EA-F44D-4217-BC3E-D729F97C9E26}.Release|Any CPU.Build.0 = Release|Any CPU
		{327EE77F-E9B5-448A-A064-BAC4C3F9D6F0}.Debug|Any CPU.ActiveCfg = Debug|Any CPU
		{327EE77F-E9B5-448A-A064-BAC4C3F9D6F0}.Debug|Any CPU.Build.0 = Debug|Any CPU
		{327EE77F-E9B5-448A-A064-BAC4C3F9D6F0}.Release|Any CPU.ActiveCfg = Release|Any CPU
		{327EE77F-E9B5-448A-A064-BAC4C3F9D6F0}.Release|Any CPU.Build.0 = Release|Any CPU
		{95CE1AFA-FB3A-4C54-8C08-A29900D87A3F}.Debug|Any CPU.ActiveCfg = Debug|Any CPU
		{95CE1AFA-FB3A-4C54-8C08-A29900D87A3F}.Debug|Any CPU.Build.0 = Debug|Any CPU
		{95CE1AFA-FB3A-4C54-8C08-A29900D87A3F}.Release|Any CPU.ActiveCfg = Release|Any CPU
		{95CE1AFA-FB3A-4C54-8C08-A29900D87A3F}.Release|Any CPU.Build.0 = Release|Any CPU
	EndGlobalSection
	GlobalSection(SolutionProperties) = preSolution
		HideSolutionNode = FALSE
	EndGlobalSection
	GlobalSection(NestedProjects) = preSolution
		{509D9C2F-4FF0-4011-BCA5-783C1F37CDE5} = {A01C60EE-EEA4-4AA1-A844-C5FED2DA6A69}
		{060C609E-126C-4EB7-91C1-CCA23F102279} = {509D9C2F-4FF0-4011-BCA5-783C1F37CDE5}
		{02923630-2A0C-425B-99FC-261B2C84EE1E} = {A01C60EE-EEA4-4AA1-A844-C5FED2DA6A69}
		{CC4DA0EA-F44D-4217-BC3E-D729F97C9E26} = {02923630-2A0C-425B-99FC-261B2C84EE1E}
		{E5020C34-E8CA-4405-9811-5229D8E1029A} = {A01C60EE-EEA4-4AA1-A844-C5FED2DA6A69}
		{327EE77F-E9B5-448A-A064-BAC4C3F9D6F0} = {E5020C34-E8CA-4405-9811-5229D8E1029A}
		{95CE1AFA-FB3A-4C54-8C08-A29900D87A3F} = {E5020C34-E8CA-4405-9811-5229D8E1029A}
	EndGlobalSection
	GlobalSection(ExtensibilityGlobals) = postSolution
		SolutionGuid = {4036188E-CE2B-478A-8BB9-AC97EF94E921}
	EndGlobalSection
EndGlobal
